
Microsoft Visual Studio Solution File, Format Version 12.00
# Visual Studio Version 17
VisualStudioVersion = 17.12.35527.113
MinimumVisualStudioVersion = 10.0.40219.1
Project("{FAE04EC0-301F-11D3-BF4B-00C04F79EFBC}") = "SportsWeb", "SportsWeb\SportsWeb.csproj", "{59D9E6FC-79C3-436E-A8AA-CB57E1E023E4}"
EndProject
Project("{FAE04EC0-301F-11D3-BF4B-00C04F79EFBC}") = "SportsWeb.CoreLayer", "SportsWeb.CoreLayer\SportsWeb.CoreLayer.csproj", "{19E90F33-66CE-461A-ADDB-97A5E9F9637E}"
EndProject
Project("{FAE04EC0-301F-11D3-BF4B-00C04F79EFBC}") = "SportsWeb.Infrastructure", "SportsWeb.Infrastructure\SportsWeb.Infrastructure.csproj", "{EF484895-9314-4CD8-A17A-EBA44927092B}"
EndProject
Project("{FAE04EC0-301F-11D3-BF4B-00C04F79EFBC}") = "SportsWeb.Application", "SportsWeb.Application\SportsWeb.Application.csproj", "{E514D6B7-E9F4-4D85-80F9-8C87DC378AC1}"
EndProject
Project("{FAE04EC0-301F-11D3-BF4B-00C04F79EFBC}") = "SportsWeb.API", "SportsWeb.API\SportsWeb.API.csproj", "{9F76023C-9DE4-4F7F-BD9C-9177C709DF12}"
EndProject
Global
	GlobalSection(SolutionConfigurationPlatforms) = preSolution
		Debug|Any CPU = Debug|Any CPU
		Release|Any CPU = Release|Any CPU
	EndGlobalSection
	GlobalSection(ProjectConfigurationPlatforms) = postSolution
		{59D9E6FC-79C3-436E-A8AA-CB57E1E023E4}.Debug|Any CPU.ActiveCfg = Debug|Any CPU
		{59D9E6FC-79C3-436E-A8AA-CB57E1E023E4}.Debug|Any CPU.Build.0 = Debug|Any CPU
		{59D9E6FC-79C3-436E-A8AA-CB57E1E023E4}.Release|Any CPU.ActiveCfg = Release|Any CPU
		{59D9E6FC-79C3-436E-A8AA-CB57E1E023E4}.Release|Any CPU.Build.0 = Release|Any CPU
		{19E90F33-66CE-461A-ADDB-97A5E9F9637E}.Debug|Any CPU.ActiveCfg = Debug|Any CPU
		{19E90F33-66CE-461A-ADDB-97A5E9F9637E}.Debug|Any CPU.Build.0 = Debug|Any CPU
		{19E90F33-66CE-461A-ADDB-97A5E9F9637E}.Release|Any CPU.ActiveCfg = Release|Any CPU
		{19E90F33-66CE-461A-ADDB-97A5E9F9637E}.Release|Any CPU.Build.0 = Release|Any CPU
		{EF484895-9314-4CD8-A17A-EBA44927092B}.Debug|Any CPU.ActiveCfg = Debug|Any CPU
		{EF484895-9314-4CD8-A17A-EBA44927092B}.Debug|Any CPU.Build.0 = Debug|Any CPU
		{EF484895-9314-4CD8-A17A-EBA44927092B}.Release|Any CPU.ActiveCfg = Release|Any CPU
		{EF484895-9314-4CD8-A17A-EBA44927092B}.Release|Any CPU.Build.0 = Release|Any CPU
		{E514D6B7-E9F4-4D85-80F9-8C87DC378AC1}.Debug|Any CPU.ActiveCfg = Debug|Any CPU
		{E514D6B7-E9F4-4D85-80F9-8C87DC378AC1}.Debug|Any CPU.Build.0 = Debug|Any CPU
		{E514D6B7-E9F4-4D85-80F9-8C87DC378AC1}.Release|Any CPU.ActiveCfg = Release|Any CPU
		{E514D6B7-E9F4-4D85-80F9-8C87DC378AC1}.Release|Any CPU.Build.0 = Release|Any CPU
		{9F76023C-9DE4-4F7F-BD9C-9177C709DF12}.Debug|Any CPU.ActiveCfg = Debug|Any CPU
		{9F76023C-9DE4-4F7F-BD9C-9177C709DF12}.Debug|Any CPU.Build.0 = Debug|Any CPU
		{9F76023C-9DE4-4F7F-BD9C-9177C709DF12}.Release|Any CPU.ActiveCfg = Release|Any CPU
		{9F76023C-9DE4-4F7F-BD9C-9177C709DF12}.Release|Any CPU.Build.0 = Release|Any CPU
	EndGlobalSection
	GlobalSection(SolutionProperties) = preSolution
		HideSolutionNode = FALSE
	EndGlobalSection
EndGlobal
